
Microsoft Visual Studio Solution File, Format Version 12.00
# Visual Studio Version 17
VisualStudioVersion = 17.13.35931.197 d17.13
MinimumVisualStudioVersion = 10.0.40219.1
Project("{FAE04EC0-301F-11D3-BF4B-00C04F79EFBC}") = "SayoDevice O3C", "SayoDevice O3C\SayoDevice O3C.csproj", "{93D99C4A-1140-4D66-8947-0E035814CA61}"
EndProject
Global
	GlobalSection(SolutionConfigurationPlatforms) = preSolution
		Debug|Any CPU = Debug|Any CPU
		Release|Any CPU = Release|Any CPU
	EndGlobalSection
	GlobalSection(ProjectConfigurationPlatforms) = postSolution
		{93D99C4A-1140-4D66-8947-0E035814CA61}.Debug|Any CPU.ActiveCfg = Debug|Any CPU
		{93D99C4A-1140-4D66-8947-0E035814CA61}.Debug|Any CPU.Build.0 = Debug|Any CPU
		{93D99C4A-1140-4D66-8947-0E035814CA61}.Release|Any CPU.ActiveCfg = Release|Any CPU
		{93D99C4A-1140-4D66-8947-0E035814CA61}.Release|Any CPU.Build.0 = Release|Any CPU
	EndGlobalSection
	GlobalSection(SolutionProperties) = preSolution
		HideSolutionNode = FALSE
	EndGlobalSection
	GlobalSection(ExtensibilityGlobals) = postSolution
		SolutionGuid = {10632C93-3E4F-4DCB-B134-7746453D2312}
	EndGlobalSection
EndGlobal
